# This file is automatically @generated by Cargo.
# It is not intended for manual editing.
version = 3

[[package]]
name = "eng_cli"
version = "0.7.0"
dependencies = [
 "eng_compiler",
 "eng_runtime",
]

[[package]]
name = "eng_compiler"
version = "0.7.0"

[[package]]
name = "eng_report"
version = "0.7.0"
dependencies = [
 "eng_compiler",
]

[[package]]
name = "eng_runtime"
version = "0.7.0"
dependencies = [
 "eng_compiler",
 "eng_report",
]
